
Microsoft Visual Studio Solution File, Format Version 12.00
# Visual Studio 15
VisualStudioVersion = 15.0.26730.12
MinimumVisualStudioVersion = 10.0.40219.1
Project("{FAE04EC0-301F-11D3-BF4B-00C04F79EFBC}") = "Expression", "Expression\Expression.csproj", "{1FFA2F20-CFAD-439E-AED3-4644F7A58D9D}"
EndProject
Project("{FAE04EC0-301F-11D3-BF4B-00C04F79EFBC}") = "Nums1To20", "Nums1To20\Nums1To20.csproj", "{DCD2F846-BB82-4A0A-858F-9370714C374F}"
EndProject
Project("{FAE04EC0-301F-11D3-BF4B-00C04F79EFBC}") = "TriangleOf55Stars", "TriangleOf55Stars\TriangleOf55Stars.csproj", "{2345D613-56BC-4EC9-A94A-004BE713D376}"
EndProject
Project("{FAE04EC0-301F-11D3-BF4B-00C04F79EFBC}") = "Rectangle Area", "Rectangle Area\Rectangle Area.csproj", "{79931193-2A0A-4FF8-BCB9-6814E9935FB4}"
EndProject
Project("{FAE04EC0-301F-11D3-BF4B-00C04F79EFBC}") = "Square of Stars", "Square of Stars\Square of Stars.csproj", "{231C2C04-4351-4ED6-A3A5-085B4080E338}"
EndProject
Project("{FAE04EC0-301F-11D3-BF4B-00C04F79EFBC}") = "FOR", "FOR\FOR.csproj", "{CDEFD901-7D9C-436A-89C7-A3EC32DD42C7}"
EndProject
Project("{FAE04EC0-301F-11D3-BF4B-00C04F79EFBC}") = "Square of Stars 2", "Square of Stars 2\Square of Stars 2.csproj", "{4033A2A3-BEAB-4CB0-84DC-FC0EE40FB20D}"
EndProject
Project("{FAE04EC0-301F-11D3-BF4B-00C04F79EFBC}") = "Exam2", "Exam2\Exam2.csproj", "{1D236FB6-A766-466E-A977-60D23F11BAE2}"
EndProject
Project("{FAE04EC0-301F-11D3-BF4B-00C04F79EFBC}") = "Spaces", "Spaces\Spaces.csproj", "{7E03516E-5AFC-4F23-8347-B9EB05A619EC}"
EndProject
Project("{FAE04EC0-301F-11D3-BF4B-00C04F79EFBC}") = "100 day of birth", "100 day of birth\100 day of birth.csproj", "{82B79B37-AF60-40AE-B8D5-BAB36F8AD50F}"
EndProject
Project("{FAE04EC0-301F-11D3-BF4B-00C04F79EFBC}") = "Triangle Area", "Triangle Area\Triangle Area.csproj", "{4CEEA4DD-5DBC-43DA-931E-CDECC3417160}"
EndProject
Project("{FAE04EC0-301F-11D3-BF4B-00C04F79EFBC}") = "BitCoin", "BitCoin\BitCoin.csproj", "{A2881D1A-ECB5-453F-A173-E32194F51C99}"
EndProject
Project("{FAE04EC0-301F-11D3-BF4B-00C04F79EFBC}") = "ClassRoom", "ClassRoom\ClassRoom.csproj", "{B6230757-00A3-4A18-B238-04D6AC58F3DE}"
EndProject
Project("{FAE04EC0-301F-11D3-BF4B-00C04F79EFBC}") = "DayProfit", "DayProfit\DayProfit.csproj", "{5A8A7376-745F-4DC3-9CB9-D56F3731CC70}"
EndProject
Project("{FAE04EC0-301F-11D3-BF4B-00C04F79EFBC}") = "Aquarium", "Aquarium\Aquarium.csproj", "{805680F4-C5E8-40DD-A730-10D09A0447FD}"
EndProject
Project("{FAE04EC0-301F-11D3-BF4B-00C04F79EFBC}") = "Exam3", "Exam3\Exam3.csproj", "{1653DF45-0EE9-47E7-8DB5-41FFCEF12903}"
EndProject
Project("{FAE04EC0-301F-11D3-BF4B-00C04F79EFBC}") = "Password", "Password\Password.csproj", "{727F389F-4B2C-4EA4-A5B8-85C2285408AC}"
EndProject
Project("{FAE04EC0-301F-11D3-BF4B-00C04F79EFBC}") = "Lazy TOM", "Add1000\Lazy TOM.csproj", "{D9CD1757-A9CB-429D-B6C3-382FE3F7E054}"
EndProject
Project("{FAE04EC0-301F-11D3-BF4B-00C04F79EFBC}") = "Cake", "TestResult\Cake.csproj", "{6C2988AC-CA18-458F-972A-46D6AD0820CA}"
EndProject
Project("{FAE04EC0-301F-11D3-BF4B-00C04F79EFBC}") = "TimeforExam", "for4\TimeforExam.csproj", "{D818C8FB-ACC0-431C-93FF-57A2651BDE12}"
EndProject
Project("{FAE04EC0-301F-11D3-BF4B-00C04F79EFBC}") = "Energy", "Energy\Energy.csproj", "{6BA28A6E-FB11-4E3B-80C3-FADC792F9793}"
EndProject
Project("{FAE04EC0-301F-11D3-BF4B-00C04F79EFBC}") = "Loops2", "Loops2\Loops2.csproj", "{7C0DAA39-164D-47AE-BD67-C88F6696392C}"
EndProject
Project("{FAE04EC0-301F-11D3-BF4B-00C04F79EFBC}") = "Diamond", "Diamond\Diamond.csproj", "{217DE9F7-496A-43BD-BD98-A711339FC848}"
EndProject
Project("{FAE04EC0-301F-11D3-BF4B-00C04F79EFBC}") = "Cup", "Kupa\Cup.csproj", "{F375A402-304A-46F0-A710-6CFDCF1894AF}"
EndProject
Project("{FAE04EC0-301F-11D3-BF4B-00C04F79EFBC}") = "STOP", "STOP\STOP.csproj", "{749199E1-D2D4-41EC-A38A-F663065C6BF3}"
EndProject
Project("{FAE04EC0-301F-11D3-BF4B-00C04F79EFBC}") = "Snowflake", "Snowflake\Snowflake.csproj", "{604307AE-6878-4050-9B8B-54B600549221}"
EndProject
Project("{FAE04EC0-301F-11D3-BF4B-00C04F79EFBC}") = "TriangleLoops", "TriangleLoops\TriangleLoops.csproj", "{79285004-5DF1-455C-B69D-EA74F8CE9372}"
EndProject
Project("{FAE04EC0-301F-11D3-BF4B-00C04F79EFBC}") = "Crown", "Crown\Crown.csproj", "{64271B8F-630F-40C7-A147-35DDF01CE2CC}"
EndProject
Project("{FAE04EC0-301F-11D3-BF4B-00C04F79EFBC}") = "AdvancedLoops", "AdvancedLoops\AdvancedLoops.csproj", "{E555B245-450A-4D51-B37F-1064D29A53E2}"
EndProject
Project("{FAE04EC0-301F-11D3-BF4B-00C04F79EFBC}") = "The song of the wheels", "Sheriff\The song of the wheels.csproj", "{C28AEAC6-A3E4-488C-91E9-0E4C2C1D37AB}"
EndProject
Project("{FAE04EC0-301F-11D3-BF4B-00C04F79EFBC}") = "Nameofgroup", "Nameofgroup\Nameofgroup.csproj", "{CF80768B-7E37-4D3F-9E82-ED818DBA1C82}"
EndProject
Project("{FAE04EC0-301F-11D3-BF4B-00C04F79EFBC}") = "SborIliProizvedenie", "SborIliProizvedenie\SborIliProizvedenie.csproj", "{E05C2CC9-2EF7-4F2D-8352-E033E6B7C9A5}"
EndProject
Project("{FAE04EC0-301F-11D3-BF4B-00C04F79EFBC}") = "Number Generator", "Number Generator\Number Generator.csproj", "{8D0F1E0C-513C-42A8-BA61-A53959FA6529}"
EndProject
Project("{FAE04EC0-301F-11D3-BF4B-00C04F79EFBC}") = "PerfectDiamond", "Exam\PerfectDiamond.csproj", "{405622D8-C888-452D-A43C-7FD1171B0110}"
EndProject
Project("{FAE04EC0-301F-11D3-BF4B-00C04F79EFBC}") = "PointinFigure-Exam", "PointinFigure-Exam\PointinFigure-Exam.csproj", "{0226C3A0-0927-4B4C-9062-DAA372353EEC}"
EndProject
Project("{FAE04EC0-301F-11D3-BF4B-00C04F79EFBC}") = "Increasing ElementsExam", "Increasing ElementsExam\Increasing ElementsExam.csproj", "{7C5750BC-2513-4002-B463-0CACF04A0780}"
EndProject
Project("{FAE04EC0-301F-11D3-BF4B-00C04F79EFBC}") = "SecondExam", "SecondExam\SecondExam.csproj", "{36535FC0-06CB-4A59-A2DE-8CA061CE7DBF}"
EndProject
Project("{FAE04EC0-301F-11D3-BF4B-00C04F79EFBC}") = "01", "01\01.csproj", "{A8F90CED-5DB4-4A50-A24F-691E6BA6E3E6}"
EndProject
Project("{FAE04EC0-301F-11D3-BF4B-00C04F79EFBC}") = "02", "02\02.csproj", "{25B5359E-0B75-49CD-AA9D-FB18A305F2EB}"
EndProject
Project("{FAE04EC0-301F-11D3-BF4B-00C04F79EFBC}") = "03", "03\03.csproj", "{25627F0A-1B88-4798-87E3-CB4F00436D6F}"
EndProject
Project("{FAE04EC0-301F-11D3-BF4B-00C04F79EFBC}") = "04", "04\04.csproj", "{DF65FD43-794C-4ECD-8233-93FCE4EA9E93}"
EndProject
Project("{FAE04EC0-301F-11D3-BF4B-00C04F79EFBC}") = "05", "05\05.csproj", "{C527C366-3A3D-40C4-B11F-7D8DAB6EE1C1}"
EndProject
Project("{FAE04EC0-301F-11D3-BF4B-00C04F79EFBC}") = "06", "06\06.csproj", "{4D080857-C08B-493F-8827-DFDCDAACC0A7}"
EndProject
Global
	GlobalSection(SolutionConfigurationPlatforms) = preSolution
		Debug|Any CPU = Debug|Any CPU
		Release|Any CPU = Release|Any CPU
	EndGlobalSection
	GlobalSection(ProjectConfigurationPlatforms) = postSolution
		{1FFA2F20-CFAD-439E-AED3-4644F7A58D9D}.Debug|Any CPU.ActiveCfg = Debug|Any CPU
		{1FFA2F20-CFAD-439E-AED3-4644F7A58D9D}.Debug|Any CPU.Build.0 = Debug|Any CPU
		{1FFA2F20-CFAD-439E-AED3-4644F7A58D9D}.Release|Any CPU.ActiveCfg = Release|Any CPU
		{1FFA2F20-CFAD-439E-AED3-4644F7A58D9D}.Release|Any CPU.Build.0 = Release|Any CPU
		{DCD2F846-BB82-4A0A-858F-9370714C374F}.Debug|Any CPU.ActiveCfg = Debug|Any CPU
		{DCD2F846-BB82-4A0A-858F-9370714C374F}.Debug|Any CPU.Build.0 = Debug|Any CPU
		{DCD2F846-BB82-4A0A-858F-9370714C374F}.Release|Any CPU.ActiveCfg = Release|Any CPU
		{DCD2F846-BB82-4A0A-858F-9370714C374F}.Release|Any CPU.Build.0 = Release|Any CPU
		{2345D613-56BC-4EC9-A94A-004BE713D376}.Debug|Any CPU.ActiveCfg = Debug|Any CPU
		{2345D613-56BC-4EC9-A94A-004BE713D376}.Debug|Any CPU.Build.0 = Debug|Any CPU
		{2345D613-56BC-4EC9-A94A-004BE713D376}.Release|Any CPU.ActiveCfg = Release|Any CPU
		{2345D613-56BC-4EC9-A94A-004BE713D376}.Release|Any CPU.Build.0 = Release|Any CPU
		{79931193-2A0A-4FF8-BCB9-6814E9935FB4}.Debug|Any CPU.ActiveCfg = Debug|Any CPU
		{79931193-2A0A-4FF8-BCB9-6814E9935FB4}.Debug|Any CPU.Build.0 = Debug|Any CPU
		{79931193-2A0A-4FF8-BCB9-6814E9935FB4}.Release|Any CPU.ActiveCfg = Release|Any CPU
		{79931193-2A0A-4FF8-BCB9-6814E9935FB4}.Release|Any CPU.Build.0 = Release|Any CPU
		{231C2C04-4351-4ED6-A3A5-085B4080E338}.Debug|Any CPU.ActiveCfg = Debug|Any CPU
		{231C2C04-4351-4ED6-A3A5-085B4080E338}.Debug|Any CPU.Build.0 = Debug|Any CPU
		{231C2C04-4351-4ED6-A3A5-085B4080E338}.Release|Any CPU.ActiveCfg = Release|Any CPU
		{231C2C04-4351-4ED6-A3A5-085B4080E338}.Release|Any CPU.Build.0 = Release|Any CPU
		{CDEFD901-7D9C-436A-89C7-A3EC32DD42C7}.Debug|Any CPU.ActiveCfg = Debug|Any CPU
		{CDEFD901-7D9C-436A-89C7-A3EC32DD42C7}.Debug|Any CPU.Build.0 = Debug|Any CPU
		{CDEFD901-7D9C-436A-89C7-A3EC32DD42C7}.Release|Any CPU.ActiveCfg = Release|Any CPU
		{CDEFD901-7D9C-436A-89C7-A3EC32DD42C7}.Release|Any CPU.Build.0 = Release|Any CPU
		{4033A2A3-BEAB-4CB0-84DC-FC0EE40FB20D}.Debug|Any CPU.ActiveCfg = Debug|Any CPU
		{4033A2A3-BEAB-4CB0-84DC-FC0EE40FB20D}.Debug|Any CPU.Build.0 = Debug|Any CPU
		{4033A2A3-BEAB-4CB0-84DC-FC0EE40FB20D}.Release|Any CPU.ActiveCfg = Release|Any CPU
		{4033A2A3-BEAB-4CB0-84DC-FC0EE40FB20D}.Release|Any CPU.Build.0 = Release|Any CPU
		{1D236FB6-A766-466E-A977-60D23F11BAE2}.Debug|Any CPU.ActiveCfg = Debug|Any CPU
		{1D236FB6-A766-466E-A977-60D23F11BAE2}.Debug|Any CPU.Build.0 = Debug|Any CPU
		{1D236FB6-A766-466E-A977-60D23F11BAE2}.Release|Any CPU.ActiveCfg = Release|Any CPU
		{1D236FB6-A766-466E-A977-60D23F11BAE2}.Release|Any CPU.Build.0 = Release|Any CPU
		{7E03516E-5AFC-4F23-8347-B9EB05A619EC}.Debug|Any CPU.ActiveCfg = Debug|Any CPU
		{7E03516E-5AFC-4F23-8347-B9EB05A619EC}.Debug|Any CPU.Build.0 = Debug|Any CPU
		{7E03516E-5AFC-4F23-8347-B9EB05A619EC}.Release|Any CPU.ActiveCfg = Release|Any CPU
		{7E03516E-5AFC-4F23-8347-B9EB05A619EC}.Release|Any CPU.Build.0 = Release|Any CPU
		{82B79B37-AF60-40AE-B8D5-BAB36F8AD50F}.Debug|Any CPU.ActiveCfg = Debug|Any CPU
		{82B79B37-AF60-40AE-B8D5-BAB36F8AD50F}.Debug|Any CPU.Build.0 = Debug|Any CPU
		{82B79B37-AF60-40AE-B8D5-BAB36F8AD50F}.Release|Any CPU.ActiveCfg = Release|Any CPU
		{82B79B37-AF60-40AE-B8D5-BAB36F8AD50F}.Release|Any CPU.Build.0 = Release|Any CPU
		{4CEEA4DD-5DBC-43DA-931E-CDECC3417160}.Debug|Any CPU.ActiveCfg = Debug|Any CPU
		{4CEEA4DD-5DBC-43DA-931E-CDECC3417160}.Debug|Any CPU.Build.0 = Debug|Any CPU
		{4CEEA4DD-5DBC-43DA-931E-CDECC3417160}.Release|Any CPU.ActiveCfg = Release|Any CPU
		{4CEEA4DD-5DBC-43DA-931E-CDECC3417160}.Release|Any CPU.Build.0 = Release|Any CPU
		{A2881D1A-ECB5-453F-A173-E32194F51C99}.Debug|Any CPU.ActiveCfg = Debug|Any CPU
		{A2881D1A-ECB5-453F-A173-E32194F51C99}.Debug|Any CPU.Build.0 = Debug|Any CPU
		{A2881D1A-ECB5-453F-A173-E32194F51C99}.Release|Any CPU.ActiveCfg = Release|Any CPU
		{A2881D1A-ECB5-453F-A173-E32194F51C99}.Release|Any CPU.Build.0 = Release|Any CPU
		{B6230757-00A3-4A18-B238-04D6AC58F3DE}.Debug|Any CPU.ActiveCfg = Debug|Any CPU
		{B6230757-00A3-4A18-B238-04D6AC58F3DE}.Debug|Any CPU.Build.0 = Debug|Any CPU
		{B6230757-00A3-4A18-B238-04D6AC58F3DE}.Release|Any CPU.ActiveCfg = Release|Any CPU
		{B6230757-00A3-4A18-B238-04D6AC58F3DE}.Release|Any CPU.Build.0 = Release|Any CPU
		{5A8A7376-745F-4DC3-9CB9-D56F3731CC70}.Debug|Any CPU.ActiveCfg = Debug|Any CPU
		{5A8A7376-745F-4DC3-9CB9-D56F3731CC70}.Debug|Any CPU.Build.0 = Debug|Any CPU
		{5A8A7376-745F-4DC3-9CB9-D56F3731CC70}.Release|Any CPU.ActiveCfg = Release|Any CPU
		{5A8A7376-745F-4DC3-9CB9-D56F3731CC70}.Release|Any CPU.Build.0 = Release|Any CPU
		{805680F4-C5E8-40DD-A730-10D09A0447FD}.Debug|Any CPU.ActiveCfg = Debug|Any CPU
		{805680F4-C5E8-40DD-A730-10D09A0447FD}.Debug|Any CPU.Build.0 = Debug|Any CPU
		{805680F4-C5E8-40DD-A730-10D09A0447FD}.Release|Any CPU.ActiveCfg = Release|Any CPU
		{805680F4-C5E8-40DD-A730-10D09A0447FD}.Release|Any CPU.Build.0 = Release|Any CPU
		{1653DF45-0EE9-47E7-8DB5-41FFCEF12903}.Debug|Any CPU.ActiveCfg = Debug|Any CPU
		{1653DF45-0EE9-47E7-8DB5-41FFCEF12903}.Debug|Any CPU.Build.0 = Debug|Any CPU
		{1653DF45-0EE9-47E7-8DB5-41FFCEF12903}.Release|Any CPU.ActiveCfg = Release|Any CPU
		{1653DF45-0EE9-47E7-8DB5-41FFCEF12903}.Release|Any CPU.Build.0 = Release|Any CPU
		{727F389F-4B2C-4EA4-A5B8-85C2285408AC}.Debug|Any CPU.ActiveCfg = Debug|Any CPU
		{727F389F-4B2C-4EA4-A5B8-85C2285408AC}.Debug|Any CPU.Build.0 = Debug|Any CPU
		{727F389F-4B2C-4EA4-A5B8-85C2285408AC}.Release|Any CPU.ActiveCfg = Release|Any CPU
		{727F389F-4B2C-4EA4-A5B8-85C2285408AC}.Release|Any CPU.Build.0 = Release|Any CPU
		{D9CD1757-A9CB-429D-B6C3-382FE3F7E054}.Debug|Any CPU.ActiveCfg = Debug|Any CPU
		{D9CD1757-A9CB-429D-B6C3-382FE3F7E054}.Debug|Any CPU.Build.0 = Debug|Any CPU
		{D9CD1757-A9CB-429D-B6C3-382FE3F7E054}.Release|Any CPU.ActiveCfg = Release|Any CPU
		{D9CD1757-A9CB-429D-B6C3-382FE3F7E054}.Release|Any CPU.Build.0 = Release|Any CPU
		{6C2988AC-CA18-458F-972A-46D6AD0820CA}.Debug|Any CPU.ActiveCfg = Debug|Any CPU
		{6C2988AC-CA18-458F-972A-46D6AD0820CA}.Debug|Any CPU.Build.0 = Debug|Any CPU
		{6C2988AC-CA18-458F-972A-46D6AD0820CA}.Release|Any CPU.ActiveCfg = Release|Any CPU
		{6C2988AC-CA18-458F-972A-46D6AD0820CA}.Release|Any CPU.Build.0 = Release|Any CPU
		{D818C8FB-ACC0-431C-93FF-57A2651BDE12}.Debug|Any CPU.ActiveCfg = Debug|Any CPU
		{D818C8FB-ACC0-431C-93FF-57A2651BDE12}.Debug|Any CPU.Build.0 = Debug|Any CPU
		{D818C8FB-ACC0-431C-93FF-57A2651BDE12}.Release|Any CPU.ActiveCfg = Release|Any CPU
		{D818C8FB-ACC0-431C-93FF-57A2651BDE12}.Release|Any CPU.Build.0 = Release|Any CPU
		{6BA28A6E-FB11-4E3B-80C3-FADC792F9793}.Debug|Any CPU.ActiveCfg = Debug|Any CPU
		{6BA28A6E-FB11-4E3B-80C3-FADC792F9793}.Debug|Any CPU.Build.0 = Debug|Any CPU
		{6BA28A6E-FB11-4E3B-80C3-FADC792F9793}.Release|Any CPU.ActiveCfg = Release|Any CPU
		{6BA28A6E-FB11-4E3B-80C3-FADC792F9793}.Release|Any CPU.Build.0 = Release|Any CPU
		{7C0DAA39-164D-47AE-BD67-C88F6696392C}.Debug|Any CPU.ActiveCfg = Debug|Any CPU
		{7C0DAA39-164D-47AE-BD67-C88F6696392C}.Debug|Any CPU.Build.0 = Debug|Any CPU
		{7C0DAA39-164D-47AE-BD67-C88F6696392C}.Release|Any CPU.ActiveCfg = Release|Any CPU
		{7C0DAA39-164D-47AE-BD67-C88F6696392C}.Release|Any CPU.Build.0 = Release|Any CPU
		{217DE9F7-496A-43BD-BD98-A711339FC848}.Debug|Any CPU.ActiveCfg = Debug|Any CPU
		{217DE9F7-496A-43BD-BD98-A711339FC848}.Debug|Any CPU.Build.0 = Debug|Any CPU
		{217DE9F7-496A-43BD-BD98-A711339FC848}.Release|Any CPU.ActiveCfg = Release|Any CPU
		{217DE9F7-496A-43BD-BD98-A711339FC848}.Release|Any CPU.Build.0 = Release|Any CPU
		{F375A402-304A-46F0-A710-6CFDCF1894AF}.Debug|Any CPU.ActiveCfg = Debug|Any CPU
		{F375A402-304A-46F0-A710-6CFDCF1894AF}.Debug|Any CPU.Build.0 = Debug|Any CPU
		{F375A402-304A-46F0-A710-6CFDCF1894AF}.Release|Any CPU.ActiveCfg = Release|Any CPU
		{F375A402-304A-46F0-A710-6CFDCF1894AF}.Release|Any CPU.Build.0 = Release|Any CPU
		{749199E1-D2D4-41EC-A38A-F663065C6BF3}.Debug|Any CPU.ActiveCfg = Debug|Any CPU
		{749199E1-D2D4-41EC-A38A-F663065C6BF3}.Debug|Any CPU.Build.0 = Debug|Any CPU
		{749199E1-D2D4-41EC-A38A-F663065C6BF3}.Release|Any CPU.ActiveCfg = Release|Any CPU
		{749199E1-D2D4-41EC-A38A-F663065C6BF3}.Release|Any CPU.Build.0 = Release|Any CPU
		{604307AE-6878-4050-9B8B-54B600549221}.Debug|Any CPU.ActiveCfg = Debug|Any CPU
		{604307AE-6878-4050-9B8B-54B600549221}.Debug|Any CPU.Build.0 = Debug|Any CPU
		{604307AE-6878-4050-9B8B-54B600549221}.Release|Any CPU.ActiveCfg = Release|Any CPU
		{604307AE-6878-4050-9B8B-54B600549221}.Release|Any CPU.Build.0 = Release|Any CPU
		{79285004-5DF1-455C-B69D-EA74F8CE9372}.Debug|Any CPU.ActiveCfg = Debug|Any CPU
		{79285004-5DF1-455C-B69D-EA74F8CE9372}.Debug|Any CPU.Build.0 = Debug|Any CPU
		{79285004-5DF1-455C-B69D-EA74F8CE9372}.Release|Any CPU.ActiveCfg = Release|Any CPU
		{79285004-5DF1-455C-B69D-EA74F8CE9372}.Release|Any CPU.Build.0 = Release|Any CPU
		{64271B8F-630F-40C7-A147-35DDF01CE2CC}.Debug|Any CPU.ActiveCfg = Debug|Any CPU
		{64271B8F-630F-40C7-A147-35DDF01CE2CC}.Debug|Any CPU.Build.0 = Debug|Any CPU
		{64271B8F-630F-40C7-A147-35DDF01CE2CC}.Release|Any CPU.ActiveCfg = Release|Any CPU
		{64271B8F-630F-40C7-A147-35DDF01CE2CC}.Release|Any CPU.Build.0 = Release|Any CPU
		{E555B245-450A-4D51-B37F-1064D29A53E2}.Debug|Any CPU.ActiveCfg = Debug|Any CPU
		{E555B245-450A-4D51-B37F-1064D29A53E2}.Debug|Any CPU.Build.0 = Debug|Any CPU
		{E555B245-450A-4D51-B37F-1064D29A53E2}.Release|Any CPU.ActiveCfg = Release|Any CPU
		{E555B245-450A-4D51-B37F-1064D29A53E2}.Release|Any CPU.Build.0 = Release|Any CPU
		{C28AEAC6-A3E4-488C-91E9-0E4C2C1D37AB}.Debug|Any CPU.ActiveCfg = Debug|Any CPU
		{C28AEAC6-A3E4-488C-91E9-0E4C2C1D37AB}.Debug|Any CPU.Build.0 = Debug|Any CPU
		{C28AEAC6-A3E4-488C-91E9-0E4C2C1D37AB}.Release|Any CPU.ActiveCfg = Release|Any CPU
		{C28AEAC6-A3E4-488C-91E9-0E4C2C1D37AB}.Release|Any CPU.Build.0 = Release|Any CPU
		{CF80768B-7E37-4D3F-9E82-ED818DBA1C82}.Debug|Any CPU.ActiveCfg = Debug|Any CPU
		{CF80768B-7E37-4D3F-9E82-ED818DBA1C82}.Debug|Any CPU.Build.0 = Debug|Any CPU
		{CF80768B-7E37-4D3F-9E82-ED818DBA1C82}.Release|Any CPU.ActiveCfg = Release|Any CPU
		{CF80768B-7E37-4D3F-9E82-ED818DBA1C82}.Release|Any CPU.Build.0 = Release|Any CPU
		{E05C2CC9-2EF7-4F2D-8352-E033E6B7C9A5}.Debug|Any CPU.ActiveCfg = Debug|Any CPU
		{E05C2CC9-2EF7-4F2D-8352-E033E6B7C9A5}.Debug|Any CPU.Build.0 = Debug|Any CPU
		{E05C2CC9-2EF7-4F2D-8352-E033E6B7C9A5}.Release|Any CPU.ActiveCfg = Release|Any CPU
		{E05C2CC9-2EF7-4F2D-8352-E033E6B7C9A5}.Release|Any CPU.Build.0 = Release|Any CPU
		{8D0F1E0C-513C-42A8-BA61-A53959FA6529}.Debug|Any CPU.ActiveCfg = Debug|Any CPU
		{8D0F1E0C-513C-42A8-BA61-A53959FA6529}.Debug|Any CPU.Build.0 = Debug|Any CPU
		{8D0F1E0C-513C-42A8-BA61-A53959FA6529}.Release|Any CPU.ActiveCfg = Release|Any CPU
		{8D0F1E0C-513C-42A8-BA61-A53959FA6529}.Release|Any CPU.Build.0 = Release|Any CPU
		{405622D8-C888-452D-A43C-7FD1171B0110}.Debug|Any CPU.ActiveCfg = Debug|Any CPU
		{405622D8-C888-452D-A43C-7FD1171B0110}.Debug|Any CPU.Build.0 = Debug|Any CPU
		{405622D8-C888-452D-A43C-7FD1171B0110}.Release|Any CPU.ActiveCfg = Release|Any CPU
		{405622D8-C888-452D-A43C-7FD1171B0110}.Release|Any CPU.Build.0 = Release|Any CPU
		{0226C3A0-0927-4B4C-9062-DAA372353EEC}.Debug|Any CPU.ActiveCfg = Debug|Any CPU
		{0226C3A0-0927-4B4C-9062-DAA372353EEC}.Debug|Any CPU.Build.0 = Debug|Any CPU
		{0226C3A0-0927-4B4C-9062-DAA372353EEC}.Release|Any CPU.ActiveCfg = Release|Any CPU
		{0226C3A0-0927-4B4C-9062-DAA372353EEC}.Release|Any CPU.Build.0 = Release|Any CPU
		{7C5750BC-2513-4002-B463-0CACF04A0780}.Debug|Any CPU.ActiveCfg = Debug|Any CPU
		{7C5750BC-2513-4002-B463-0CACF04A0780}.Debug|Any CPU.Build.0 = Debug|Any CPU
		{7C5750BC-2513-4002-B463-0CACF04A0780}.Release|Any CPU.ActiveCfg = Release|Any CPU
		{7C5750BC-2513-4002-B463-0CACF04A0780}.Release|Any CPU.Build.0 = Release|Any CPU
		{36535FC0-06CB-4A59-A2DE-8CA061CE7DBF}.Debug|Any CPU.ActiveCfg = Debug|Any CPU
		{36535FC0-06CB-4A59-A2DE-8CA061CE7DBF}.Debug|Any CPU.Build.0 = Debug|Any CPU
		{36535FC0-06CB-4A59-A2DE-8CA061CE7DBF}.Release|Any CPU.ActiveCfg = Release|Any CPU
		{36535FC0-06CB-4A59-A2DE-8CA061CE7DBF}.Release|Any CPU.Build.0 = Release|Any CPU
		{A8F90CED-5DB4-4A50-A24F-691E6BA6E3E6}.Debug|Any CPU.ActiveCfg = Debug|Any CPU
		{A8F90CED-5DB4-4A50-A24F-691E6BA6E3E6}.Debug|Any CPU.Build.0 = Debug|Any CPU
		{A8F90CED-5DB4-4A50-A24F-691E6BA6E3E6}.Release|Any CPU.ActiveCfg = Release|Any CPU
		{A8F90CED-5DB4-4A50-A24F-691E6BA6E3E6}.Release|Any CPU.Build.0 = Release|Any CPU
		{25B5359E-0B75-49CD-AA9D-FB18A305F2EB}.Debug|Any CPU.ActiveCfg = Debug|Any CPU
		{25B5359E-0B75-49CD-AA9D-FB18A305F2EB}.Debug|Any CPU.Build.0 = Debug|Any CPU
		{25B5359E-0B75-49CD-AA9D-FB18A305F2EB}.Release|Any CPU.ActiveCfg = Release|Any CPU
		{25B5359E-0B75-49CD-AA9D-FB18A305F2EB}.Release|Any CPU.Build.0 = Release|Any CPU
		{25627F0A-1B88-4798-87E3-CB4F00436D6F}.Debug|Any CPU.ActiveCfg = Debug|Any CPU
		{25627F0A-1B88-4798-87E3-CB4F00436D6F}.Debug|Any CPU.Build.0 = Debug|Any CPU
		{25627F0A-1B88-4798-87E3-CB4F00436D6F}.Release|Any CPU.ActiveCfg = Release|Any CPU
		{25627F0A-1B88-4798-87E3-CB4F00436D6F}.Release|Any CPU.Build.0 = Release|Any CPU
		{DF65FD43-794C-4ECD-8233-93FCE4EA9E93}.Debug|Any CPU.ActiveCfg = Debug|Any CPU
		{DF65FD43-794C-4ECD-8233-93FCE4EA9E93}.Debug|Any CPU.Build.0 = Debug|Any CPU
		{DF65FD43-794C-4ECD-8233-93FCE4EA9E93}.Release|Any CPU.ActiveCfg = Release|Any CPU
		{DF65FD43-794C-4ECD-8233-93FCE4EA9E93}.Release|Any CPU.Build.0 = Release|Any CPU
		{C527C366-3A3D-40C4-B11F-7D8DAB6EE1C1}.Debug|Any CPU.ActiveCfg = Debug|Any CPU
		{C527C366-3A3D-40C4-B11F-7D8DAB6EE1C1}.Debug|Any CPU.Build.0 = Debug|Any CPU
		{C527C366-3A3D-40C4-B11F-7D8DAB6EE1C1}.Release|Any CPU.ActiveCfg = Release|Any CPU
		{C527C366-3A3D-40C4-B11F-7D8DAB6EE1C1}.Release|Any CPU.Build.0 = Release|Any CPU
		{4D080857-C08B-493F-8827-DFDCDAACC0A7}.Debug|Any CPU.ActiveCfg = Debug|Any CPU
		{4D080857-C08B-493F-8827-DFDCDAACC0A7}.Debug|Any CPU.Build.0 = Debug|Any CPU
		{4D080857-C08B-493F-8827-DFDCDAACC0A7}.Release|Any CPU.ActiveCfg = Release|Any CPU
		{4D080857-C08B-493F-8827-DFDCDAACC0A7}.Release|Any CPU.Build.0 = Release|Any CPU
	EndGlobalSection
	GlobalSection(SolutionProperties) = preSolution
		HideSolutionNode = FALSE
	EndGlobalSection
	GlobalSection(ExtensibilityGlobals) = postSolution
		SolutionGuid = {4508F5A1-42AF-479B-9002-9544B481E5A5}
	EndGlobalSection
EndGlobal
